
Microsoft Visual Studio Solution File, Format Version 12.00
# Visual Studio Version 17
VisualStudioVersion = 17.8.34525.116
MinimumVisualStudioVersion = 10.0.40219.1
Project("{FAE04EC0-301F-11D3-BF4B-00C04F79EFBC}") = "Cine.Api", "Cine.Api.csproj", "{50658BD3-B3EB-492A-83FA-647B1F0F9497}"
EndProject
Global
	GlobalSection(SolutionConfigurationPlatforms) = preSolution
		Debug|Any CPU = Debug|Any CPU
		Release|Any CPU = Release|Any CPU
	EndGlobalSection
	GlobalSection(ProjectConfigurationPlatforms) = postSolution
		{50658BD3-B3EB-492A-83FA-647B1F0F9497}.Debug|Any CPU.ActiveCfg = Debug|Any CPU
		{50658BD3-B3EB-492A-83FA-647B1F0F9497}.Debug|Any CPU.Build.0 = Debug|Any CPU
		{50658BD3-B3EB-492A-83FA-647B1F0F9497}.Release|Any CPU.ActiveCfg = Release|Any CPU
		{50658BD3-B3EB-492A-83FA-647B1F0F9497}.Release|Any CPU.Build.0 = Release|Any CPU
	EndGlobalSection
	GlobalSection(SolutionProperties) = preSolution
		HideSolutionNode = FALSE
	EndGlobalSection
	GlobalSection(ExtensibilityGlobals) = postSolution
		SolutionGuid = {8F7C8341-F2D2-465C-BFB9-423C60D92E94}
	EndGlobalSection
EndGlobal
